
Microsoft Visual Studio Solution File, Format Version 12.00
Project("{2150E333-8FDC-42A3-9474-1A3956D46DE8}") = "Domain", "Domain", "{987ADD05-4FCA-4443-93E3-9F6FB1E23BD3}"
EndProject
Project("{2150E333-8FDC-42A3-9474-1A3956D46DE8}") = "DataProviders", "DataProviders", "{85AB98DD-4377-4DCC-8244-40D3AA2BE202}"
EndProject
Project("{2150E333-8FDC-42A3-9474-1A3956D46DE8}") = "EntryPoints", "EntryPoints", "{DBB8225B-EA8E-4B97-9070-4122FE29C92B}"
EndProject
Project("{2150E333-8FDC-42A3-9474-1A3956D46DE8}") = "UnitTests", "UnitTests", "{47C730F6-C8B9-4D9D-A305-D31F714F68D4}"
EndProject
Project("{FAE04EC0-301F-11D3-BF4B-00C04F79EFBC}") = "Universitedomain", "Universitedomain\Universitedomain.csproj", "{F68E28EA-6638-4859-842A-7328754EC631}"
EndProject
Global
	GlobalSection(SolutionConfigurationPlatforms) = preSolution
		Debug|Any CPU = Debug|Any CPU
		Release|Any CPU = Release|Any CPU
	EndGlobalSection
	GlobalSection(NestedProjects) = preSolution
		{F68E28EA-6638-4859-842A-7328754EC631} = {987ADD05-4FCA-4443-93E3-9F6FB1E23BD3}
	EndGlobalSection
	GlobalSection(ProjectConfigurationPlatforms) = postSolution
		{F68E28EA-6638-4859-842A-7328754EC631}.Debug|Any CPU.ActiveCfg = Debug|Any CPU
		{F68E28EA-6638-4859-842A-7328754EC631}.Debug|Any CPU.Build.0 = Debug|Any CPU
		{F68E28EA-6638-4859-842A-7328754EC631}.Release|Any CPU.ActiveCfg = Release|Any CPU
		{F68E28EA-6638-4859-842A-7328754EC631}.Release|Any CPU.Build.0 = Release|Any CPU
	EndGlobalSection
EndGlobal
